
Microsoft Visual Studio Solution File, Format Version 12.00
# Visual Studio Version 17
VisualStudioVersion = 17.6.33723.286
MinimumVisualStudioVersion = 10.0.40219.1
Project("{FAE04EC0-301F-11D3-BF4B-00C04F79EFBC}") = "TicTac", "TicTac\TicTac.csproj", "{53B3DC83-6580-48C2-BAAA-22573BCFF992}"
EndProject
Global
	GlobalSection(SolutionConfigurationPlatforms) = preSolution
		Debug|Any CPU = Debug|Any CPU
		Release|Any CPU = Release|Any CPU
	EndGlobalSection
	GlobalSection(ProjectConfigurationPlatforms) = postSolution
		{53B3DC83-6580-48C2-BAAA-22573BCFF992}.Debug|Any CPU.ActiveCfg = Debug|Any CPU
		{53B3DC83-6580-48C2-BAAA-22573BCFF992}.Debug|Any CPU.Build.0 = Debug|Any CPU
		{53B3DC83-6580-48C2-BAAA-22573BCFF992}.Release|Any CPU.ActiveCfg = Release|Any CPU
		{53B3DC83-6580-48C2-BAAA-22573BCFF992}.Release|Any CPU.Build.0 = Release|Any CPU
	EndGlobalSection
	GlobalSection(SolutionProperties) = preSolution
		HideSolutionNode = FALSE
	EndGlobalSection
	GlobalSection(ExtensibilityGlobals) = postSolution
		SolutionGuid = {BDA4599D-EF3A-4435-B733-2B8A7EECEF78}
	EndGlobalSection
EndGlobal
