
Microsoft Visual Studio Solution File, Format Version 12.00
# Visual Studio Version 17
VisualStudioVersion = 17.6.33723.286
MinimumVisualStudioVersion = 10.0.40219.1
Project("{FAE04EC0-301F-11D3-BF4B-00C04F79EFBC}") = "MyCoplexNumber", "MyCoplexNumber\MyCoplexNumber.csproj", "{F3E1BA8C-B0A0-4605-869B-D78340721BED}"
EndProject
Global
	GlobalSection(SolutionConfigurationPlatforms) = preSolution
		Debug|Any CPU = Debug|Any CPU
		Release|Any CPU = Release|Any CPU
	EndGlobalSection
	GlobalSection(ProjectConfigurationPlatforms) = postSolution
		{F3E1BA8C-B0A0-4605-869B-D78340721BED}.Debug|Any CPU.ActiveCfg = Debug|Any CPU
		{F3E1BA8C-B0A0-4605-869B-D78340721BED}.Debug|Any CPU.Build.0 = Debug|Any CPU
		{F3E1BA8C-B0A0-4605-869B-D78340721BED}.Release|Any CPU.ActiveCfg = Release|Any CPU
		{F3E1BA8C-B0A0-4605-869B-D78340721BED}.Release|Any CPU.Build.0 = Release|Any CPU
	EndGlobalSection
	GlobalSection(SolutionProperties) = preSolution
		HideSolutionNode = FALSE
	EndGlobalSection
	GlobalSection(ExtensibilityGlobals) = postSolution
		SolutionGuid = {D8351DF8-30EE-4615-9A23-E436CD422D9C}
	EndGlobalSection
EndGlobal
