
Microsoft Visual Studio Solution File, Format Version 12.00
# Visual Studio Version 17
VisualStudioVersion = 17.6.33723.286
MinimumVisualStudioVersion = 10.0.40219.1
Project("{778DAE3C-4631-46EA-AA77-85C1314464D9}") = "Geometry", "Geometry\Geometry.vbproj", "{A81B64A3-C76D-4105-B0A5-8D8EFBD59582}"
EndProject
Project("{9A19103F-16F7-4668-BE54-9A1E7A4F7556}") = "Graphics", "Graphics\Graphics.csproj", "{F22B2A1A-ED1B-4699-9CBB-5CAC7A460CF0}"
EndProject
Project("{9A19103F-16F7-4668-BE54-9A1E7A4F7556}") = "UseGeoGraph", "UseGeoGraph\UseGeoGraph.csproj", "{72908516-AD23-46E5-BA4D-6DB7ACD2EB1F}"
EndProject
Global
	GlobalSection(SolutionConfigurationPlatforms) = preSolution
		Debug|Any CPU = Debug|Any CPU
		Release|Any CPU = Release|Any CPU
	EndGlobalSection
	GlobalSection(ProjectConfigurationPlatforms) = postSolution
		{A81B64A3-C76D-4105-B0A5-8D8EFBD59582}.Debug|Any CPU.ActiveCfg = Debug|Any CPU
		{A81B64A3-C76D-4105-B0A5-8D8EFBD59582}.Debug|Any CPU.Build.0 = Debug|Any CPU
		{A81B64A3-C76D-4105-B0A5-8D8EFBD59582}.Release|Any CPU.ActiveCfg = Release|Any CPU
		{A81B64A3-C76D-4105-B0A5-8D8EFBD59582}.Release|Any CPU.Build.0 = Release|Any CPU
		{F22B2A1A-ED1B-4699-9CBB-5CAC7A460CF0}.Debug|Any CPU.ActiveCfg = Debug|Any CPU
		{F22B2A1A-ED1B-4699-9CBB-5CAC7A460CF0}.Debug|Any CPU.Build.0 = Debug|Any CPU
		{F22B2A1A-ED1B-4699-9CBB-5CAC7A460CF0}.Release|Any CPU.ActiveCfg = Release|Any CPU
		{F22B2A1A-ED1B-4699-9CBB-5CAC7A460CF0}.Release|Any CPU.Build.0 = Release|Any CPU
		{72908516-AD23-46E5-BA4D-6DB7ACD2EB1F}.Debug|Any CPU.ActiveCfg = Debug|Any CPU
		{72908516-AD23-46E5-BA4D-6DB7ACD2EB1F}.Debug|Any CPU.Build.0 = Debug|Any CPU
		{72908516-AD23-46E5-BA4D-6DB7ACD2EB1F}.Release|Any CPU.ActiveCfg = Release|Any CPU
		{72908516-AD23-46E5-BA4D-6DB7ACD2EB1F}.Release|Any CPU.Build.0 = Release|Any CPU
	EndGlobalSection
	GlobalSection(SolutionProperties) = preSolution
		HideSolutionNode = FALSE
	EndGlobalSection
	GlobalSection(ExtensibilityGlobals) = postSolution
		SolutionGuid = {9F90A55B-9A88-4FA6-A1D9-533E8E5D2658}
	EndGlobalSection
EndGlobal
