
Microsoft Visual Studio Solution File, Format Version 12.00
# Visual Studio Version 17
VisualStudioVersion = 17.6.33723.286
MinimumVisualStudioVersion = 10.0.40219.1
Project("{9A19103F-16F7-4668-BE54-9A1E7A4F7556}") = "FirstInACA", "FirstInACA\FirstInACA.csproj", "{4A802920-E384-4B7B-9E98-03D0C7F705A4}"
EndProject
Project("{FAE04EC0-301F-11D3-BF4B-00C04F79EFBC}") = "ClassLibrary1", "ClassLibrary1\ClassLibrary1.csproj", "{798A28B9-2B2B-4B40-8A9F-B6124B841D3B}"
EndProject
Project("{FAE04EC0-301F-11D3-BF4B-00C04F79EFBC}") = "ClassLibrary2", "ClassLibrary2\ClassLibrary2.csproj", "{BFD30EDD-7A8A-46E3-865F-1611EE63156D}"
EndProject
Global
	GlobalSection(SolutionConfigurationPlatforms) = preSolution
		Debug|Any CPU = Debug|Any CPU
		Release|Any CPU = Release|Any CPU
	EndGlobalSection
	GlobalSection(ProjectConfigurationPlatforms) = postSolution
		{4A802920-E384-4B7B-9E98-03D0C7F705A4}.Debug|Any CPU.ActiveCfg = Debug|Any CPU
		{4A802920-E384-4B7B-9E98-03D0C7F705A4}.Debug|Any CPU.Build.0 = Debug|Any CPU
		{4A802920-E384-4B7B-9E98-03D0C7F705A4}.Release|Any CPU.ActiveCfg = Release|Any CPU
		{4A802920-E384-4B7B-9E98-03D0C7F705A4}.Release|Any CPU.Build.0 = Release|Any CPU
		{798A28B9-2B2B-4B40-8A9F-B6124B841D3B}.Debug|Any CPU.ActiveCfg = Debug|Any CPU
		{798A28B9-2B2B-4B40-8A9F-B6124B841D3B}.Debug|Any CPU.Build.0 = Debug|Any CPU
		{798A28B9-2B2B-4B40-8A9F-B6124B841D3B}.Release|Any CPU.ActiveCfg = Release|Any CPU
		{798A28B9-2B2B-4B40-8A9F-B6124B841D3B}.Release|Any CPU.Build.0 = Release|Any CPU
		{BFD30EDD-7A8A-46E3-865F-1611EE63156D}.Debug|Any CPU.ActiveCfg = Debug|Any CPU
		{BFD30EDD-7A8A-46E3-865F-1611EE63156D}.Debug|Any CPU.Build.0 = Debug|Any CPU
		{BFD30EDD-7A8A-46E3-865F-1611EE63156D}.Release|Any CPU.ActiveCfg = Release|Any CPU
		{BFD30EDD-7A8A-46E3-865F-1611EE63156D}.Release|Any CPU.Build.0 = Release|Any CPU
	EndGlobalSection
	GlobalSection(SolutionProperties) = preSolution
		HideSolutionNode = FALSE
	EndGlobalSection
	GlobalSection(ExtensibilityGlobals) = postSolution
		SolutionGuid = {FEC6857F-3C90-440B-A98E-377DDD6A30F3}
	EndGlobalSection
EndGlobal
