
Microsoft Visual Studio Solution File, Format Version 12.00
# Visual Studio Version 17
VisualStudioVersion = 17.6.33723.286
MinimumVisualStudioVersion = 10.0.40219.1
Project("{FAE04EC0-301F-11D3-BF4B-00C04F79EFBC}") = "TicTakWithConsole", "TicTakWithConsole\TicTakWithConsole.csproj", "{5794B5D2-5134-48C4-B35F-8C7AEACE8FF9}"
EndProject
Global
	GlobalSection(SolutionConfigurationPlatforms) = preSolution
		Debug|Any CPU = Debug|Any CPU
		Release|Any CPU = Release|Any CPU
	EndGlobalSection
	GlobalSection(ProjectConfigurationPlatforms) = postSolution
		{5794B5D2-5134-48C4-B35F-8C7AEACE8FF9}.Debug|Any CPU.ActiveCfg = Debug|Any CPU
		{5794B5D2-5134-48C4-B35F-8C7AEACE8FF9}.Debug|Any CPU.Build.0 = Debug|Any CPU
		{5794B5D2-5134-48C4-B35F-8C7AEACE8FF9}.Release|Any CPU.ActiveCfg = Release|Any CPU
		{5794B5D2-5134-48C4-B35F-8C7AEACE8FF9}.Release|Any CPU.Build.0 = Release|Any CPU
	EndGlobalSection
	GlobalSection(SolutionProperties) = preSolution
		HideSolutionNode = FALSE
	EndGlobalSection
	GlobalSection(ExtensibilityGlobals) = postSolution
		SolutionGuid = {0E77A213-6D13-44D3-8A82-BC3F57A82379}
	EndGlobalSection
EndGlobal
